
Microsoft Visual Studio Solution File, Format Version 12.00
# Visual Studio Version 17
VisualStudioVersion = 17.8.34112.27
MinimumVisualStudioVersion = 10.0.40219.1
Project("{FAE04EC0-301F-11D3-BF4B-00C04F79EFBC}") = "EzPacker", "EzPacker\EzPacker.csproj", "{61932623-19E3-4B4F-BD87-B7B9875A3380}"
EndProject
Project("{FAE04EC0-301F-11D3-BF4B-00C04F79EFBC}") = "EzPacker_Stub", "EzPacker_Stub\EzPacker_Stub.csproj", "{3791FE58-FF30-4F90-AFC1-9FFC52676FCE}"
EndProject
Project("{2150E333-8FDC-42A3-9474-1A3956D46DE8}") = "Tests", "Tests", "{F2437FAB-EF98-4F0E-B749-4F480B6A60B4}"
EndProject
Project("{FAE04EC0-301F-11D3-BF4B-00C04F79EFBC}") = "EzPacker_Test1", "EzPacker_Test1\EzPacker_Test1.csproj", "{85844CEF-3605-4DC4-87F3-359C8150A39B}"
EndProject
Global
	GlobalSection(SolutionConfigurationPlatforms) = preSolution
		Debug|Any CPU = Debug|Any CPU
		Release|Any CPU = Release|Any CPU
	EndGlobalSection
	GlobalSection(ProjectConfigurationPlatforms) = postSolution
		{61932623-19E3-4B4F-BD87-B7B9875A3380}.Debug|Any CPU.ActiveCfg = Debug|Any CPU
		{61932623-19E3-4B4F-BD87-B7B9875A3380}.Debug|Any CPU.Build.0 = Debug|Any CPU
		{61932623-19E3-4B4F-BD87-B7B9875A3380}.Release|Any CPU.ActiveCfg = Release|Any CPU
		{61932623-19E3-4B4F-BD87-B7B9875A3380}.Release|Any CPU.Build.0 = Release|Any CPU
		{3791FE58-FF30-4F90-AFC1-9FFC52676FCE}.Debug|Any CPU.ActiveCfg = Debug|Any CPU
		{3791FE58-FF30-4F90-AFC1-9FFC52676FCE}.Debug|Any CPU.Build.0 = Debug|Any CPU
		{3791FE58-FF30-4F90-AFC1-9FFC52676FCE}.Release|Any CPU.ActiveCfg = Release|Any CPU
		{3791FE58-FF30-4F90-AFC1-9FFC52676FCE}.Release|Any CPU.Build.0 = Release|Any CPU
		{85844CEF-3605-4DC4-87F3-359C8150A39B}.Debug|Any CPU.ActiveCfg = Debug|Any CPU
		{85844CEF-3605-4DC4-87F3-359C8150A39B}.Debug|Any CPU.Build.0 = Debug|Any CPU
		{85844CEF-3605-4DC4-87F3-359C8150A39B}.Release|Any CPU.ActiveCfg = Release|Any CPU
		{85844CEF-3605-4DC4-87F3-359C8150A39B}.Release|Any CPU.Build.0 = Release|Any CPU
	EndGlobalSection
	GlobalSection(SolutionProperties) = preSolution
		HideSolutionNode = FALSE
	EndGlobalSection
	GlobalSection(NestedProjects) = preSolution
		{85844CEF-3605-4DC4-87F3-359C8150A39B} = {F2437FAB-EF98-4F0E-B749-4F480B6A60B4}
	EndGlobalSection
	GlobalSection(ExtensibilityGlobals) = postSolution
		SolutionGuid = {921EECCB-511E-4344-B379-50FE05D6B57D}
	EndGlobalSection
EndGlobal
